
Microsoft Visual Studio Solution File, Format Version 12.00
# Visual Studio 15
VisualStudioVersion = 15.0.28010.2041
MinimumVisualStudioVersion = 10.0.40219.1
Project("{FAE04EC0-301F-11D3-BF4B-00C04F79EFBC}") = "InterfaceSegregation", "InterfaceSegregation\InterfaceSegregation.csproj", "{3B9990A4-3E57-4691-AFE6-2B5369E94721}"
EndProject
Global
	GlobalSection(SolutionConfigurationPlatforms) = preSolution
		Debug|Any CPU = Debug|Any CPU
		Release|Any CPU = Release|Any CPU
	EndGlobalSection
	GlobalSection(ProjectConfigurationPlatforms) = postSolution
		{3B9990A4-3E57-4691-AFE6-2B5369E94721}.Debug|Any CPU.ActiveCfg = Debug|Any CPU
		{3B9990A4-3E57-4691-AFE6-2B5369E94721}.Debug|Any CPU.Build.0 = Debug|Any CPU
		{3B9990A4-3E57-4691-AFE6-2B5369E94721}.Release|Any CPU.ActiveCfg = Release|Any CPU
		{3B9990A4-3E57-4691-AFE6-2B5369E94721}.Release|Any CPU.Build.0 = Release|Any CPU
	EndGlobalSection
	GlobalSection(SolutionProperties) = preSolution
		HideSolutionNode = FALSE
	EndGlobalSection
	GlobalSection(ExtensibilityGlobals) = postSolution
		SolutionGuid = {5249FBD2-A71A-488A-9C8C-04E857C8FFE1}
	EndGlobalSection
EndGlobal
